<?xml version="1.0" encoding="utf-8"?>
<Project ToolsVersion="4.0" xmlns="http://schemas.microsoft.com/developer/msbuild/2003">
  <ItemGroup>
    <Filter Include="Gameplay">
      <UniqueIdentifier>{747dda89-9810-40f6-8958-da309ef5a00f}</UniqueIdentifier>
    </Filter>
    <Filter Include="Framework">
      <UniqueIdentifier>{11c0b65c-5e6f-4a69-a116-4f36bb4d93a5}</UniqueIdentifier>
    </Filter>
    <Filter Include="Event">
      <UniqueIdentifier>{b2e0f5ab-fe41-42ee-8bde-bb2513a77d37}</UniqueIdentifier>
    </Filter>
    <Filter Include="Gameplay\Events">
      <UniqueIdentifier>{12942f1b-b419-417b-8ca4-e491286df2e2}</UniqueIdentifier>
    </Filter>
    <Filter Include="Gameplay\TreeStamps">
      <UniqueIdentifier>{8a3b9c5d-4e6f-7a8b-9c0d-1e2f3a4b5c6d}</UniqueIdentifier>
    </Filter>
  </ItemGroup>
  <ItemGroup>
    <ClCompile Include="GameCommon.cpp">
      <Filter>Gameplay</Filter>
    </ClCompile>
    <ClCompile Include="Main_Windows.cpp">
      <Filter>Framework</Filter>
    </ClCompile>
    <ClCompile Include="Gameplay\TreeStamps\OakSnowTreeStamp.cpp">
      <Filter>Gameplay\TreeStamps</Filter>
    </ClCompile>
    <ClCompile Include="Framework\App.cpp" />
    <ClCompile Include="Framework\ControlConfigParser.cpp" />
    <ClCompile Include="Framework\DummyTask.cpp" />
    <ClCompile Include="Framework\Entity\Entity.cpp" />
    <ClCompile Include="Framework\GUISubsystem.cpp" />
    <ClCompile Include="Framework\PhysicsConfigParser.cpp" />
    <ClCompile Include="Framework\WindowConfigParser.cpp" />
    <ClCompile Include="Gameplay\Generator\SimpleMinerGenerator.cpp" />
    <ClCompile Include="Gameplay\Generator\SimpleMinerTreeGenerator.cpp" />
    <ClCompile Include="Gameplay\GUI\GUIPlayerStats.cpp" />
    <ClCompile Include="Gameplay\Player\GameCamera.cpp" />
    <ClCompile Include="Gameplay\Player\Player.cpp" />
    <ClCompile Include="Gameplay\Game.cpp" />
    <ClCompile Include="Gameplay\GUI\GUIBlock3DSelection.cpp" />
    <ClCompile Include="Gameplay\GUI\GUICrosser.cpp" />
    <ClCompile Include="Gameplay\GUI\GUIDebugLight.cpp" />
    <ClCompile Include="Gameplay\GUI\GUIGrid.cpp" />
    <ClCompile Include="Gameplay\GUI\GUIPlayerInventory.cpp" />
    <ClCompile Include="Gameplay\GUI\GUIProfiler.cpp" />
    <ClCompile Include="Gameplay\TreeStamps\AcaciaTreeStamp.cpp" />
    <ClCompile Include="Gameplay\TreeStamps\BirchTreeStamp.cpp" />
    <ClCompile Include="Gameplay\TreeStamps\CactusStamp.cpp" />
    <ClCompile Include="Gameplay\TreeStamps\JungleTreeStamp.cpp" />
    <ClCompile Include="Gameplay\TreeStamps\OakTreeStamp.cpp" />
    <ClCompile Include="Gameplay\TreeStamps\SpruceTreeStamp.cpp" />
    <ClCompile Include="Gameplay\TreeStamps\SpruceSnowTreeStamp.cpp" />
  </ItemGroup>
  <ItemGroup>
    <ClInclude Include="GameCommon.hpp">
      <Filter>Gameplay</Filter>
    </ClInclude>
    <ClInclude Include="EngineBuildPreferences.hpp">
      <Filter>Framework</Filter>
    </ClInclude>
    <ClInclude Include="Gameplay\TreeStamps\OakSnowTreeStamp.hpp">
      <Filter>Gameplay\TreeStamps</Filter>
    </ClInclude>
    <ClInclude Include="Framework\App.hpp" />
    <ClInclude Include="Framework\ControlConfigParser.hpp" />
    <ClInclude Include="Framework\Entity\Entity.hpp" />
    <ClInclude Include="Framework\Entity\PhysicsMode.hpp" />
    <ClInclude Include="Framework\GUISubsystem.hpp" />
    <ClInclude Include="Framework\DummyTask.hpp" />
    <ClInclude Include="Framework\PhysicsConfigParser.hpp" />
    <ClInclude Include="Framework\WindowConfigParser.hpp" />
    <ClInclude Include="Framework\World\WorldConstant.hpp" />
    <ClInclude Include="Gameplay\Generator\SimpleMinerGenerator.hpp" />
    <ClInclude Include="Gameplay\Generator\SimpleMinerTreeGenerator.hpp" />
    <ClInclude Include="Gameplay\GUI\GUIPlayerStats.hpp" />
    <ClInclude Include="Gameplay\Player\CameraMode.hpp" />
    <ClInclude Include="Gameplay\Player\GameCamera.hpp" />
    <ClInclude Include="Gameplay\Player\Player.hpp" />
    <ClInclude Include="Gameplay\Game.hpp" />
    <ClInclude Include="Gameplay\GUI\GUIBlock3DSelection.hpp" />
    <ClInclude Include="Gameplay\GUI\GUICrosser.hpp" />
    <ClInclude Include="Gameplay\GUI\GUIDebugLight.hpp" />
    <ClInclude Include="Gameplay\GUI\GUIGrid.hpp" />
    <ClInclude Include="Gameplay\GUI\GUIPlayerInventory.hpp" />
    <ClInclude Include="Gameplay\GUI\GUIProfiler.hpp" />
    <ClInclude Include="Gameplay\TreeStamps\AcaciaTreeStamp.hpp" />
    <ClInclude Include="Gameplay\TreeStamps\BirchTreeStamp.hpp" />
    <ClInclude Include="Gameplay\TreeStamps\CactusStamp.hpp" />
    <ClInclude Include="Gameplay\TreeStamps\JungleTreeStamp.hpp" />
    <ClInclude Include="Gameplay\TreeStamps\OakTreeStamp.hpp" />
    <ClInclude Include="Gameplay\TreeStamps\SpruceTreeStamp.hpp" />
    <ClInclude Include="Gameplay\TreeStamps\SpruceSnowTreeStamp.hpp" />
  </ItemGroup>
</Project>